
Microsoft Visual Studio Solution File, Format Version 12.00
# Visual Studio Version 17
VisualStudioVersion = 17.9.34902.65
MinimumVisualStudioVersion = 10.0.40219.1
Project("{54A90642-561A-4BB1-A94E-469ADEE60C69}") = "VueClient", "VueClient\VueClient.esproj", "{D9113872-CEA5-43AF-9CED-3A18E78ABAF6}"
EndProject
Project("{54A90642-561A-4BB1-A94E-469ADEE60C69}") = "ExpressServer", "ExpressServer\ExpressServer.esproj", "{041F64E8-11B7-4947-B7E5-91AB100A50BD}"
EndProject
Project("{9092AA53-FB77-4645-B42D-1CCCA6BD08BD}") = "WSW_Starter", "Starter\WSW_Starter.njsproj", "{1830ED4F-F491-4F79-8480-F923DD49158D}"
EndProject
Project("{9A19103F-16F7-4668-BE54-9A1E7A4F7556}") = "DND.NETCore.DataAccess", "DND.NETCore.DataAccess\DND.NETCore.DataAccess.csproj", "{38EDED48-47E5-4D14-A5E6-C6501F41A4A9}"
EndProject
Project("{9A19103F-16F7-4668-BE54-9A1E7A4F7556}") = "DND.NETCore.Core", "DND.NETCore.Core\DND.NETCore.Core.csproj", "{C8A88B03-2405-4B94-A4A5-5BED1DFF9C87}"
EndProject
Project("{9A19103F-16F7-4668-BE54-9A1E7A4F7556}") = "DND.NETCore.API", "DND.NETCore.API\DND.NETCore.API.csproj", "{6893BB52-D65C-4166-8575-253604DE7846}"
EndProject
Project("{FAE04EC0-301F-11D3-BF4B-00C04F79EFBC}") = "DND.NETCore.Application", "DND.NETCore.Application\DND.NETCore.Application.csproj", "{2072751F-F255-4FED-8AFD-1B094BB7A85D}"
EndProject
Global
	GlobalSection(SolutionConfigurationPlatforms) = preSolution
		Debug|Any CPU = Debug|Any CPU
		Release|Any CPU = Release|Any CPU
	EndGlobalSection
	GlobalSection(ProjectConfigurationPlatforms) = postSolution
		{D9113872-CEA5-43AF-9CED-3A18E78ABAF6}.Debug|Any CPU.ActiveCfg = Debug|Any CPU
		{D9113872-CEA5-43AF-9CED-3A18E78ABAF6}.Debug|Any CPU.Build.0 = Debug|Any CPU
		{D9113872-CEA5-43AF-9CED-3A18E78ABAF6}.Debug|Any CPU.Deploy.0 = Debug|Any CPU
		{D9113872-CEA5-43AF-9CED-3A18E78ABAF6}.Release|Any CPU.ActiveCfg = Release|Any CPU
		{D9113872-CEA5-43AF-9CED-3A18E78ABAF6}.Release|Any CPU.Build.0 = Release|Any CPU
		{D9113872-CEA5-43AF-9CED-3A18E78ABAF6}.Release|Any CPU.Deploy.0 = Release|Any CPU
		{041F64E8-11B7-4947-B7E5-91AB100A50BD}.Debug|Any CPU.ActiveCfg = Debug|Any CPU
		{041F64E8-11B7-4947-B7E5-91AB100A50BD}.Debug|Any CPU.Build.0 = Debug|Any CPU
		{041F64E8-11B7-4947-B7E5-91AB100A50BD}.Debug|Any CPU.Deploy.0 = Debug|Any CPU
		{041F64E8-11B7-4947-B7E5-91AB100A50BD}.Release|Any CPU.ActiveCfg = Release|Any CPU
		{041F64E8-11B7-4947-B7E5-91AB100A50BD}.Release|Any CPU.Build.0 = Release|Any CPU
		{041F64E8-11B7-4947-B7E5-91AB100A50BD}.Release|Any CPU.Deploy.0 = Release|Any CPU
		{1830ED4F-F491-4F79-8480-F923DD49158D}.Debug|Any CPU.ActiveCfg = Debug|Any CPU
		{1830ED4F-F491-4F79-8480-F923DD49158D}.Debug|Any CPU.Build.0 = Debug|Any CPU
		{1830ED4F-F491-4F79-8480-F923DD49158D}.Release|Any CPU.ActiveCfg = Release|Any CPU
		{1830ED4F-F491-4F79-8480-F923DD49158D}.Release|Any CPU.Build.0 = Release|Any CPU
		{38EDED48-47E5-4D14-A5E6-C6501F41A4A9}.Debug|Any CPU.ActiveCfg = Debug|Any CPU
		{38EDED48-47E5-4D14-A5E6-C6501F41A4A9}.Debug|Any CPU.Build.0 = Debug|Any CPU
		{38EDED48-47E5-4D14-A5E6-C6501F41A4A9}.Release|Any CPU.ActiveCfg = Release|Any CPU
		{38EDED48-47E5-4D14-A5E6-C6501F41A4A9}.Release|Any CPU.Build.0 = Release|Any CPU
		{C8A88B03-2405-4B94-A4A5-5BED1DFF9C87}.Debug|Any CPU.ActiveCfg = Debug|Any CPU
		{C8A88B03-2405-4B94-A4A5-5BED1DFF9C87}.Debug|Any CPU.Build.0 = Debug|Any CPU
		{C8A88B03-2405-4B94-A4A5-5BED1DFF9C87}.Release|Any CPU.ActiveCfg = Release|Any CPU
		{C8A88B03-2405-4B94-A4A5-5BED1DFF9C87}.Release|Any CPU.Build.0 = Release|Any CPU
		{6893BB52-D65C-4166-8575-253604DE7846}.Debug|Any CPU.ActiveCfg = Debug|Any CPU
		{6893BB52-D65C-4166-8575-253604DE7846}.Debug|Any CPU.Build.0 = Debug|Any CPU
		{6893BB52-D65C-4166-8575-253604DE7846}.Release|Any CPU.ActiveCfg = Release|Any CPU
		{6893BB52-D65C-4166-8575-253604DE7846}.Release|Any CPU.Build.0 = Release|Any CPU
		{2072751F-F255-4FED-8AFD-1B094BB7A85D}.Debug|Any CPU.ActiveCfg = Debug|Any CPU
		{2072751F-F255-4FED-8AFD-1B094BB7A85D}.Debug|Any CPU.Build.0 = Debug|Any CPU
		{2072751F-F255-4FED-8AFD-1B094BB7A85D}.Release|Any CPU.ActiveCfg = Release|Any CPU
		{2072751F-F255-4FED-8AFD-1B094BB7A85D}.Release|Any CPU.Build.0 = Release|Any CPU
	EndGlobalSection
	GlobalSection(SolutionProperties) = preSolution
		HideSolutionNode = FALSE
	EndGlobalSection
	GlobalSection(ExtensibilityGlobals) = postSolution
		SolutionGuid = {78349138-1671-4260-9954-4DA10A2AAEEF}
	EndGlobalSection
EndGlobal
